// !$*UTF8*$!
{
	archiveVersion = 1;
	classes = {
	};
	objectVersion = 51;
	objects = {

/* Begin PBXBuildFile section */
		AE131E51241B874A00DB615E /* TabBarController.swift in Sources */ = {isa = PBXBuildFile; fileRef = AE131E50241B874A00DB615E /* TabBarController.swift */; };
		AE131E54241B87E500DB615E /* EverythingController.swift in Sources */ = {isa = PBXBuildFile; fileRef = AE131E53241B87E500DB615E /* EverythingController.swift */; };
		AE131E58241B8FBB00DB615E /* Every.swift in Sources */ = {isa = PBXBuildFile; fileRef = AE131E57241B8FBB00DB615E /* Every.swift */; };
		AE131E5A241B9A0D00DB615E /* DetailNewsViewController.swift in Sources */ = {isa = PBXBuildFile; fileRef = AE131E59241B9A0D00DB615E /* DetailNewsViewController.swift */; };
		AE131E81241CDF1E00DB615E /* SourcesModel.swift in Sources */ = {isa = PBXBuildFile; fileRef = AE131E80241CDF1E00DB615E /* SourcesModel.swift */; };
		AE3031EC241A706E002FB69E /* TopNewsCollectionReusableView.swift in Sources */ = {isa = PBXBuildFile; fileRef = AE3031EB241A706E002FB69E /* TopNewsCollectionReusableView.swift */; };
		AE49D97724163DC40047054C /* AppDelegate.swift in Sources */ = {isa = PBXBuildFile; fileRef = AE49D97624163DC40047054C /* AppDelegate.swift */; };
		AE49D97924163DC40047054C /* SceneDelegate.swift in Sources */ = {isa = PBXBuildFile; fileRef = AE49D97824163DC40047054C /* SceneDelegate.swift */; };
		AE49D97B24163DC40047054C /* ViewController.swift in Sources */ = {isa = PBXBuildFile; fileRef = AE49D97A24163DC40047054C /* ViewController.swift */; };
		AE49D97E24163DC40047054C /* Main.storyboard in Resources */ = {isa = PBXBuildFile; fileRef = AE49D97C24163DC40047054C /* Main.storyboard */; };
		AE49D98024163DC50047054C /* Assets.xcassets in Resources */ = {isa = PBXBuildFile; fileRef = AE49D97F24163DC50047054C /* Assets.xcassets */; };
		AE49D98324163DC50047054C /* LaunchScreen.storyboard in Resources */ = {isa = PBXBuildFile; fileRef = AE49D98124163DC50047054C /* LaunchScreen.storyboard */; };
		AE49D99024163E4E0047054C /* Constraints+Extension.swift in Sources */ = {isa = PBXBuildFile; fileRef = AE49D98F24163E4E0047054C /* Constraints+Extension.swift */; };
		AE49D992241642840047054C /* MainPageNewsController.swift in Sources */ = {isa = PBXBuildFile; fileRef = AE49D991241642830047054C /* MainPageNewsController.swift */; };
		AE49D99724164B3C0047054C /* Welcome.swift in Sources */ = {isa = PBXBuildFile; fileRef = AE49D99624164B3C0047054C /* Welcome.swift */; };
		AE49D99924164C3B0047054C /* WebService.swift in Sources */ = {isa = PBXBuildFile; fileRef = AE49D99824164C3B0047054C /* WebService.swift */; };
		AE49D99B24164C750047054C /* NewsService.swift in Sources */ = {isa = PBXBuildFile; fileRef = AE49D99A24164C750047054C /* NewsService.swift */; };
		AE49D99F24177D0E0047054C /* NewsCollectionViewCell.swift in Sources */ = {isa = PBXBuildFile; fileRef = AE49D99E24177D0E0047054C /* NewsCollectionViewCell.swift */; };
		AE9B67F0241E56F300E60234 /* EntertainmentController.swift in Sources */ = {isa = PBXBuildFile; fileRef = AE9B67EF241E56F300E60234 /* EntertainmentController.swift */; };
		AE9B67F2241E571000E60234 /* BusinessController.swift in Sources */ = {isa = PBXBuildFile; fileRef = AE9B67F1241E571000E60234 /* BusinessController.swift */; };
		AE9B67F4241E572800E60234 /* TechnologyController.swift in Sources */ = {isa = PBXBuildFile; fileRef = AE9B67F3241E572800E60234 /* TechnologyController.swift */; };
		AE9B67F9241E58D300E60234 /* MainController.swift in Sources */ = {isa = PBXBuildFile; fileRef = AE9B67F8241E58D300E60234 /* MainController.swift */; };
		AEDE975F242334B30041D53E /* UIView+Extension.swift in Sources */ = {isa = PBXBuildFile; fileRef = AEDE975E242334B30041D53E /* UIView+Extension.swift */; };
		C105E63A128EEB22A7803E7C /* Pods_NewsApp.framework in Frameworks */ = {isa = PBXBuildFile; fileRef = 36CEAC29095A7D292B59E6A5 /* Pods_NewsApp.framework */; };
/* End PBXBuildFile section */

/* Begin PBXFileReference section */
		36CEAC29095A7D292B59E6A5 /* Pods_NewsApp.framework */ = {isa = PBXFileReference; explicitFileType = wrapper.framework; includeInIndex = 0; path = Pods_NewsApp.framework; sourceTree = BUILT_PRODUCTS_DIR; };
		3D71416DCF0122AFE0D8F086 /* Pods-NewsApp.release.xcconfig */ = {isa = PBXFileReference; includeInIndex = 1; lastKnownFileType = text.xcconfig; name = "Pods-NewsApp.release.xcconfig"; path = "Target Support Files/Pods-NewsApp/Pods-NewsApp.release.xcconfig"; sourceTree = "<group>"; };
		425FC6772FFE6407BBB8459C /* Pods-NewsApp.debug.xcconfig */ = {isa = PBXFileReference; includeInIndex = 1; lastKnownFileType = text.xcconfig; name = "Pods-NewsApp.debug.xcconfig"; path = "Target Support Files/Pods-NewsApp/Pods-NewsApp.debug.xcconfig"; sourceTree = "<group>"; };
		AE131E50241B874A00DB615E /* TabBarController.swift */ = {isa = PBXFileReference; lastKnownFileType = sourcecode.swift; path = TabBarController.swift; sourceTree = "<group>"; };
		AE131E53241B87E500DB615E /* EverythingController.swift */ = {isa = PBXFileReference; lastKnownFileType = sourcecode.swift; path = EverythingController.swift; sourceTree = "<group>"; };
		AE131E57241B8FBB00DB615E /* Every.swift */ = {isa = PBXFileReference; lastKnownFileType = sourcecode.swift; path = Every.swift; sourceTree = "<group>"; };
		AE131E59241B9A0D00DB615E /* DetailNewsViewController.swift */ = {isa = PBXFileReference; lastKnownFileType = sourcecode.swift; path = DetailNewsViewController.swift; sourceTree = "<group>"; };
		AE131E80241CDF1E00DB615E /* SourcesModel.swift */ = {isa = PBXFileReference; lastKnownFileType = sourcecode.swift; path = SourcesModel.swift; sourceTree = "<group>"; };
		AE3031EB241A706E002FB69E /* TopNewsCollectionReusableView.swift */ = {isa = PBXFileReference; lastKnownFileType = sourcecode.swift; path = TopNewsCollectionReusableView.swift; sourceTree = "<group>"; };
		AE49D97324163DC40047054C /* NewsApp.app */ = {isa = PBXFileReference; explicitFileType = wrapper.application; includeInIndex = 0; path = NewsApp.app; sourceTree = BUILT_PRODUCTS_DIR; };
		AE49D97624163DC40047054C /* AppDelegate.swift */ = {isa = PBXFileReference; lastKnownFileType = sourcecode.swift; path = AppDelegate.swift; sourceTree = "<group>"; };
		AE49D97824163DC40047054C /* SceneDelegate.swift */ = {isa = PBXFileReference; lastKnownFileType = sourcecode.swift; path = SceneDelegate.swift; sourceTree = "<group>"; };
		AE49D97A24163DC40047054C /* ViewController.swift */ = {isa = PBXFileReference; lastKnownFileType = sourcecode.swift; path = ViewController.swift; sourceTree = "<group>"; };
		AE49D97D24163DC40047054C /* Base */ = {isa = PBXFileReference; lastKnownFileType = file.storyboard; name = Base; path = Base.lproj/Main.storyboard; sourceTree = "<group>"; };
		AE49D97F24163DC50047054C /* Assets.xcassets */ = {isa = PBXFileReference; lastKnownFileType = folder.assetcatalog; path = Assets.xcassets; sourceTree = "<group>"; };
		AE49D98224163DC50047054C /* Base */ = {isa = PBXFileReference; lastKnownFileType = file.storyboard; name = Base; path = Base.lproj/LaunchScreen.storyboard; sourceTree = "<group>"; };
		AE49D98424163DC50047054C /* Info.plist */ = {isa = PBXFileReference; lastKnownFileType = text.plist.xml; path = Info.plist; sourceTree = "<group>"; };
		AE49D98F24163E4E0047054C /* Constraints+Extension.swift */ = {isa = PBXFileReference; lastKnownFileType = sourcecode.swift; path = "Constraints+Extension.swift"; sourceTree = "<group>"; };
		AE49D991241642830047054C /* MainPageNewsController.swift */ = {isa = PBXFileReference; lastKnownFileType = sourcecode.swift; path = MainPageNewsController.swift; sourceTree = "<group>"; };
		AE49D99624164B3C0047054C /* Welcome.swift */ = {isa = PBXFileReference; lastKnownFileType = sourcecode.swift; path = Welcome.swift; sourceTree = "<group>"; };
		AE49D99824164C3B0047054C /* WebService.swift */ = {isa = PBXFileReference; lastKnownFileType = sourcecode.swift; path = WebService.swift; sourceTree = "<group>"; };
		AE49D99A24164C750047054C /* NewsService.swift */ = {isa = PBXFileReference; lastKnownFileType = sourcecode.swift; path = NewsService.swift; sourceTree = "<group>"; };
		AE49D99E24177D0E0047054C /* NewsCollectionViewCell.swift */ = {isa = PBXFileReference; lastKnownFileType = sourcecode.swift; path = NewsCollectionViewCell.swift; sourceTree = "<group>"; };
		AE9B67EF241E56F300E60234 /* EntertainmentController.swift */ = {isa = PBXFileReference; lastKnownFileType = sourcecode.swift; path = EntertainmentController.swift; sourceTree = "<group>"; };
		AE9B67F1241E571000E60234 /* BusinessController.swift */ = {isa = PBXFileReference; lastKnownFileType = sourcecode.swift; path = BusinessController.swift; sourceTree = "<group>"; };
		AE9B67F3241E572800E60234 /* TechnologyController.swift */ = {isa = PBXFileReference; lastKnownFileType = sourcecode.swift; path = TechnologyController.swift; sourceTree = "<group>"; };
		AE9B67F8241E58D300E60234 /* MainController.swift */ = {isa = PBXFileReference; lastKnownFileType = sourcecode.swift; path = MainController.swift; sourceTree = "<group>"; };
		AEDE975E242334B30041D53E /* UIView+Extension.swift */ = {isa = PBXFileReference; lastKnownFileType = sourcecode.swift; path = "UIView+Extension.swift"; sourceTree = "<group>"; };
/* End PBXFileReference section */

/* Begin PBXFrameworksBuildPhase section */
		AE49D97024163DC40047054C /* Frameworks */ = {
			isa = PBXFrameworksBuildPhase;
			buildActionMask = 2147483647;
			files = (
				C105E63A128EEB22A7803E7C /* Pods_NewsApp.framework in Frameworks */,
			);
			runOnlyForDeploymentPostprocessing = 0;
		};
/* End PBXFrameworksBuildPhase section */

/* Begin PBXGroup section */
		99345E2550C740A4D04B4481 /* Pods */ = {
			isa = PBXGroup;
			children = (
				425FC6772FFE6407BBB8459C /* Pods-NewsApp.debug.xcconfig */,
				3D71416DCF0122AFE0D8F086 /* Pods-NewsApp.release.xcconfig */,
			);
			path = Pods;
			sourceTree = "<group>";
		};
		AC5B4D7F51795335DCE6A45D /* Frameworks */ = {
			isa = PBXGroup;
			children = (
				36CEAC29095A7D292B59E6A5 /* Pods_NewsApp.framework */,
			);
			name = Frameworks;
			sourceTree = "<group>";
		};
		AE131E52241B87C600DB615E /* News */ = {
			isa = PBXGroup;
			children = (
				AE9B67F5241E572C00E60234 /* TOPNews */,
				AE131E53241B87E500DB615E /* EverythingController.swift */,
				AE9B67F8241E58D300E60234 /* MainController.swift */,
			);
			path = News;
			sourceTree = "<group>";
		};
		AE3031EA241A7051002FB69E /* HeaderCollectioView */ = {
			isa = PBXGroup;
			children = (
				AE3031EB241A706E002FB69E /* TopNewsCollectionReusableView.swift */,
			);
			path = HeaderCollectioView;
			sourceTree = "<group>";
		};
		AE49D96A24163DC40047054C = {
			isa = PBXGroup;
			children = (
				AE49D97524163DC40047054C /* NewsApp */,
				AE49D97424163DC40047054C /* Products */,
				99345E2550C740A4D04B4481 /* Pods */,
				AC5B4D7F51795335DCE6A45D /* Frameworks */,
			);
			sourceTree = "<group>";
		};
		AE49D97424163DC40047054C /* Products */ = {
			isa = PBXGroup;
			children = (
				AE49D97324163DC40047054C /* NewsApp.app */,
			);
			name = Products;
			sourceTree = "<group>";
		};
		AE49D97524163DC40047054C /* NewsApp */ = {
			isa = PBXGroup;
			children = (
				AE49D9932416428B0047054C /* Service */,
				AE49D98E24163E180047054C /* Utils */,
				AE49D98D24163E060047054C /* Model */,
				AE49D98C24163E010047054C /* View */,
				AE49D98A24163DF10047054C /* Controller */,
				AE49D97624163DC40047054C /* AppDelegate.swift */,
				AE49D97824163DC40047054C /* SceneDelegate.swift */,
				AE49D97A24163DC40047054C /* ViewController.swift */,
				AE49D97C24163DC40047054C /* Main.storyboard */,
				AE49D97F24163DC50047054C /* Assets.xcassets */,
				AE49D98124163DC50047054C /* LaunchScreen.storyboard */,
				AE49D98424163DC50047054C /* Info.plist */,
			);
			path = NewsApp;
			sourceTree = "<group>";
		};
		AE49D98A24163DF10047054C /* Controller */ = {
			isa = PBXGroup;
			children = (
				AE131E59241B9A0D00DB615E /* DetailNewsViewController.swift */,
				AE131E52241B87C600DB615E /* News */,
				AE131E50241B874A00DB615E /* TabBarController.swift */,
			);
			path = Controller;
			sourceTree = "<group>";
		};
		AE49D98C24163E010047054C /* View */ = {
			isa = PBXGroup;
			children = (
				AE3031EA241A7051002FB69E /* HeaderCollectioView */,
				AE49D99E24177D0E0047054C /* NewsCollectionViewCell.swift */,
			);
			path = View;
			sourceTree = "<group>";
		};
		AE49D98D24163E060047054C /* Model */ = {
			isa = PBXGroup;
			children = (
				AE49D99624164B3C0047054C /* Welcome.swift */,
				AE131E57241B8FBB00DB615E /* Every.swift */,
				AE131E80241CDF1E00DB615E /* SourcesModel.swift */,
			);
			path = Model;
			sourceTree = "<group>";
		};
		AE49D98E24163E180047054C /* Utils */ = {
			isa = PBXGroup;
			children = (
				AE49D98F24163E4E0047054C /* Constraints+Extension.swift */,
				AEDE975E242334B30041D53E /* UIView+Extension.swift */,
			);
			path = Utils;
			sourceTree = "<group>";
		};
		AE49D9932416428B0047054C /* Service */ = {
			isa = PBXGroup;
			children = (
				AE49D99824164C3B0047054C /* WebService.swift */,
				AE49D99A24164C750047054C /* NewsService.swift */,
			);
			path = Service;
			sourceTree = "<group>";
		};
		AE9B67F5241E572C00E60234 /* TOPNews */ = {
			isa = PBXGroup;
			children = (
				AE49D991241642830047054C /* MainPageNewsController.swift */,
				AE9B67EF241E56F300E60234 /* EntertainmentController.swift */,
				AE9B67F1241E571000E60234 /* BusinessController.swift */,
				AE9B67F3241E572800E60234 /* TechnologyController.swift */,
			);
			path = TOPNews;
			sourceTree = "<group>";
		};
/* End PBXGroup section */

/* Begin PBXNativeTarget section */
		AE49D97224163DC40047054C /* NewsApp */ = {
			isa = PBXNativeTarget;
			buildConfigurationList = AE49D98724163DC50047054C /* Build configuration list for PBXNativeTarget "NewsApp" */;
			buildPhases = (
				26075ACC779DC3A4743E1354 /* [CP] Check Pods Manifest.lock */,
				AE49D96F24163DC40047054C /* Sources */,
				AE49D97024163DC40047054C /* Frameworks */,
				AE49D97124163DC40047054C /* Resources */,
				52F98BD1E1D37FB47DCF662C /* [CP] Embed Pods Frameworks */,
			);
			buildRules = (
			);
			dependencies = (
			);
			name = NewsApp;
			productName = NewsApp;
			productReference = AE49D97324163DC40047054C /* NewsApp.app */;
			productType = "com.apple.product-type.application";
		};
/* End PBXNativeTarget section */

/* Begin PBXProject section */
		AE49D96B24163DC40047054C /* Project object */ = {
			isa = PBXProject;
			attributes = {
				LastSwiftUpdateCheck = 1130;
				LastUpgradeCheck = 1130;
				ORGANIZATIONNAME = rau4o;
				TargetAttributes = {
					AE49D97224163DC40047054C = {
						CreatedOnToolsVersion = 11.3.1;
					};
				};
			};
			buildConfigurationList = AE49D96E24163DC40047054C /* Build configuration list for PBXProject "NewsApp" */;
			compatibilityVersion = "Xcode 9.3";
			developmentRegion = en;
			hasScannedForEncodings = 0;
			knownRegions = (
				en,
				Base,
			);
			mainGroup = AE49D96A24163DC40047054C;
			productRefGroup = AE49D97424163DC40047054C /* Products */;
			projectDirPath = "";
			projectRoot = "";
			targets = (
				AE49D97224163DC40047054C /* NewsApp */,
			);
		};
/* End PBXProject section */

/* Begin PBXResourcesBuildPhase section */
		AE49D97124163DC40047054C /* Resources */ = {
			isa = PBXResourcesBuildPhase;
			buildActionMask = 2147483647;
			files = (
				AE49D98324163DC50047054C /* LaunchScreen.storyboard in Resources */,
				AE49D98024163DC50047054C /* Assets.xcassets in Resources */,
				AE49D97E24163DC40047054C /* Main.storyboard in Resources */,
			);
			runOnlyForDeploymentPostprocessing = 0;
		};
/* End PBXResourcesBuildPhase section */

/* Begin PBXShellScriptBuildPhase section */
		26075ACC779DC3A4743E1354 /* [CP] Check Pods Manifest.lock */ = {
			isa = PBXShellScriptBuildPhase;
			buildActionMask = 2147483647;
			files = (
			);
			inputFileListPaths = (
			);
			inputPaths = (
				"${PODS_PODFILE_DIR_PATH}/Podfile.lock",
				"${PODS_ROOT}/Manifest.lock",
			);
			name = "[CP] Check Pods Manifest.lock";
			outputFileListPaths = (
			);
			outputPaths = (
				"$(DERIVED_FILE_DIR)/Pods-NewsApp-checkManifestLockResult.txt",
			);
			runOnlyForDeploymentPostprocessing = 0;
			shellPath = /bin/sh;
			shellScript = "diff \"${PODS_PODFILE_DIR_PATH}/Podfile.lock\" \"${PODS_ROOT}/Manifest.lock\" > /dev/null\nif [ $? != 0 ] ; then\n    # print error to STDERR\n    echo \"error: The sandbox is not in sync with the Podfile.lock. Run 'pod install' or update your CocoaPods installation.\" >&2\n    exit 1\nfi\n# This output is used by Xcode 'outputs' to avoid re-running this script phase.\necho \"SUCCESS\" > \"${SCRIPT_OUTPUT_FILE_0}\"\n";
			showEnvVarsInLog = 0;
		};
		52F98BD1E1D37FB47DCF662C /* [CP] Embed Pods Frameworks */ = {
			isa = PBXShellScriptBuildPhase;
			buildActionMask = 2147483647;
			files = (
			);
			inputFileListPaths = (
				"${PODS_ROOT}/Target Support Files/Pods-NewsApp/Pods-NewsApp-frameworks-${CONFIGURATION}-input-files.xcfilelist",
			);
			name = "[CP] Embed Pods Frameworks";
			outputFileListPaths = (
				"${PODS_ROOT}/Target Support Files/Pods-NewsApp/Pods-NewsApp-frameworks-${CONFIGURATION}-output-files.xcfilelist",
			);
			runOnlyForDeploymentPostprocessing = 0;
			shellPath = /bin/sh;
			shellScript = "\"${PODS_ROOT}/Target Support Files/Pods-NewsApp/Pods-NewsApp-frameworks.sh\"\n";
			showEnvVarsInLog = 0;
		};
/* End PBXShellScriptBuildPhase section */

/* Begin PBXSourcesBuildPhase section */
		AE49D96F24163DC40047054C /* Sources */ = {
			isa = PBXSourcesBuildPhase;
			buildActionMask = 2147483647;
			files = (
				AE49D97B24163DC40047054C /* ViewController.swift in Sources */,
				AE49D99924164C3B0047054C /* WebService.swift in Sources */,
				AE131E51241B874A00DB615E /* TabBarController.swift in Sources */,
				AE49D99F24177D0E0047054C /* NewsCollectionViewCell.swift in Sources */,
				AE9B67F9241E58D300E60234 /* MainController.swift in Sources */,
				AE49D99B24164C750047054C /* NewsService.swift in Sources */,
				AE3031EC241A706E002FB69E /* TopNewsCollectionReusableView.swift in Sources */,
				AE131E5A241B9A0D00DB615E /* DetailNewsViewController.swift in Sources */,
				AE131E58241B8FBB00DB615E /* Every.swift in Sources */,
				AE49D97724163DC40047054C /* AppDelegate.swift in Sources */,
				AE49D992241642840047054C /* MainPageNewsController.swift in Sources */,
				AE9B67F2241E571000E60234 /* BusinessController.swift in Sources */,
				AE9B67F4241E572800E60234 /* TechnologyController.swift in Sources */,
				AE9B67F0241E56F300E60234 /* EntertainmentController.swift in Sources */,
				AE49D99024163E4E0047054C /* Constraints+Extension.swift in Sources */,
				AE49D97924163DC40047054C /* SceneDelegate.swift in Sources */,
				AE131E54241B87E500DB615E /* EverythingController.swift in Sources */,
				AE49D99724164B3C0047054C /* Welcome.swift in Sources */,
				AEDE975F242334B30041D53E /* UIView+Extension.swift in Sources */,
				AE131E81241CDF1E00DB615E /* SourcesModel.swift in Sources */,
			);
			runOnlyForDeploymentPostprocessing = 0;
		};
/* End PBXSourcesBuildPhase section */

/* Begin PBXVariantGroup section */
		AE49D97C24163DC40047054C /* Main.storyboard */ = {
			isa = PBXVariantGroup;
			children = (
				AE49D97D24163DC40047054C /* Base */,
			);
			name = Main.storyboard;
			sourceTree = "<group>";
		};
		AE49D98124163DC50047054C /* LaunchScreen.storyboard */ = {
			isa = PBXVariantGroup;
			children = (
				AE49D98224163DC50047054C /* Base */,
			);
			name = LaunchScreen.storyboard;
			sourceTree = "<group>";
		};
/* End PBXVariantGroup section */

/* Begin XCBuildConfiguration section */
		AE49D98524163DC50047054C /* Debug */ = {
			isa = XCBuildConfiguration;
			buildSettings = {
				ALWAYS_SEARCH_USER_PATHS = NO;
				CLANG_ANALYZER_NONNULL = YES;
				CLANG_ANALYZER_NUMBER_OBJECT_CONVERSION = YES_AGGRESSIVE;
				CLANG_CXX_LANGUAGE_STANDARD = "gnu++14";
				CLANG_CXX_LIBRARY = "libc++";
				CLANG_ENABLE_MODULES = YES;
				CLANG_ENABLE_OBJC_ARC = YES;
				CLANG_ENABLE_OBJC_WEAK = YES;
				CLANG_WARN_BLOCK_CAPTURE_AUTORELEASING = YES;
				CLANG_WARN_BOOL_CONVERSION = YES;
				CLANG_WARN_COMMA = YES;
				CLANG_WARN_CONSTANT_CONVERSION = YES;
				CLANG_WARN_DEPRECATED_OBJC_IMPLEMENTATIONS = YES;
				CLANG_WARN_DIRECT_OBJC_ISA_USAGE = YES_ERROR;
				CLANG_WARN_DOCUMENTATION_COMMENTS = YES;
				CLANG_WARN_EMPTY_BODY = YES;
				CLANG_WARN_ENUM_CONVERSION = YES;
				CLANG_WARN_INFINITE_RECURSION = YES;
				CLANG_WARN_INT_CONVERSION = YES;
				CLANG_WARN_NON_LITERAL_NULL_CONVERSION = YES;
				CLANG_WARN_OBJC_IMPLICIT_RETAIN_SELF = YES;
				CLANG_WARN_OBJC_LITERAL_CONVERSION = YES;
				CLANG_WARN_OBJC_ROOT_CLASS = YES_ERROR;
				CLANG_WARN_RANGE_LOOP_ANALYSIS = YES;
				CLANG_WARN_STRICT_PROTOTYPES = YES;
				CLANG_WARN_SUSPICIOUS_MOVE = YES;
				CLANG_WARN_UNGUARDED_AVAILABILITY = YES_AGGRESSIVE;
				CLANG_WARN_UNREACHABLE_CODE = YES;
				CLANG_WARN__DUPLICATE_METHOD_MATCH = YES;
				COPY_PHASE_STRIP = NO;
				DEBUG_INFORMATION_FORMAT = dwarf;
				ENABLE_STRICT_OBJC_MSGSEND = YES;
				ENABLE_TESTABILITY = YES;
				GCC_C_LANGUAGE_STANDARD = gnu11;
				GCC_DYNAMIC_NO_PIC = NO;
				GCC_NO_COMMON_BLOCKS = YES;
				GCC_OPTIMIZATION_LEVEL = 0;
				GCC_PREPROCESSOR_DEFINITIONS = (
					"DEBUG=1",
					"$(inherited)",
				);
				GCC_WARN_64_TO_32_BIT_CONVERSION = YES;
				GCC_WARN_ABOUT_RETURN_TYPE = YES_ERROR;
				GCC_WARN_UNDECLARED_SELECTOR = YES;
				GCC_WARN_UNINITIALIZED_AUTOS = YES_AGGRESSIVE;
				GCC_WARN_UNUSED_FUNCTION = YES;
				GCC_WARN_UNUSED_VARIABLE = YES;
				IPHONEOS_DEPLOYMENT_TARGET = 13.2;
				MTL_ENABLE_DEBUG_INFO = INCLUDE_SOURCE;
				MTL_FAST_MATH = YES;
				ONLY_ACTIVE_ARCH = YES;
				SDKROOT = iphoneos;
				SWIFT_ACTIVE_COMPILATION_CONDITIONS = DEBUG;
				SWIFT_OPTIMIZATION_LEVEL = "-Onone";
			};
			name = Debug;
		};
		AE49D98624163DC50047054C /* Release */ = {
			isa = XCBuildConfiguration;
			buildSettings = {
				ALWAYS_SEARCH_USER_PATHS = NO;
				CLANG_ANALYZER_NONNULL = YES;
				CLANG_ANALYZER_NUMBER_OBJECT_CONVERSION = YES_AGGRESSIVE;
				CLANG_CXX_LANGUAGE_STANDARD = "gnu++14";
				CLANG_CXX_LIBRARY = "libc++";
				CLANG_ENABLE_MODULES = YES;
				CLANG_ENABLE_OBJC_ARC = YES;
				CLANG_ENABLE_OBJC_WEAK = YES;
				CLANG_WARN_BLOCK_CAPTURE_AUTORELEASING = YES;
				CLANG_WARN_BOOL_CONVERSION = YES;
				CLANG_WARN_COMMA = YES;
				CLANG_WARN_CONSTANT_CONVERSION = YES;
				CLANG_WARN_DEPRECATED_OBJC_IMPLEMENTATIONS = YES;
				CLANG_WARN_DIRECT_OBJC_ISA_USAGE = YES_ERROR;
				CLANG_WARN_DOCUMENTATION_COMMENTS = YES;
				CLANG_WARN_EMPTY_BODY = YES;
				CLANG_WARN_ENUM_CONVERSION = YES;
				CLANG_WARN_INFINITE_RECURSION = YES;
				CLANG_WARN_INT_CONVERSION = YES;
				CLANG_WARN_NON_LITERAL_NULL_CONVERSION = YES;
				CLANG_WARN_OBJC_IMPLICIT_RETAIN_SELF = YES;
				CLANG_WARN_OBJC_LITERAL_CONVERSION = YES;
				CLANG_WARN_OBJC_ROOT_CLASS = YES_ERROR;
				CLANG_WARN_RANGE_LOOP_ANALYSIS = YES;
				CLANG_WARN_STRICT_PROTOTYPES = YES;
				CLANG_WARN_SUSPICIOUS_MOVE = YES;
				CLANG_WARN_UNGUARDED_AVAILABILITY = YES_AGGRESSIVE;
				CLANG_WARN_UNREACHABLE_CODE = YES;
				CLANG_WARN__DUPLICATE_METHOD_MATCH = YES;
				COPY_PHASE_STRIP = NO;
				DEBUG_INFORMATION_FORMAT = "dwarf-with-dsym";
				ENABLE_NS_ASSERTIONS = NO;
				ENABLE_STRICT_OBJC_MSGSEND = YES;
				GCC_C_LANGUAGE_STANDARD = gnu11;
				GCC_NO_COMMON_BLOCKS = YES;
				GCC_WARN_64_TO_32_BIT_CONVERSION = YES;
				GCC_WARN_ABOUT_RETURN_TYPE = YES_ERROR;
				GCC_WARN_UNDECLARED_SELECTOR = YES;
				GCC_WARN_UNINITIALIZED_AUTOS = YES_AGGRESSIVE;
				GCC_WARN_UNUSED_FUNCTION = YES;
				GCC_WARN_UNUSED_VARIABLE = YES;
				IPHONEOS_DEPLOYMENT_TARGET = 13.2;
				MTL_ENABLE_DEBUG_INFO = NO;
				MTL_FAST_MATH = YES;
				SDKROOT = iphoneos;
				SWIFT_COMPILATION_MODE = wholemodule;
				SWIFT_OPTIMIZATION_LEVEL = "-O";
				VALIDATE_PRODUCT = YES;
			};
			name = Release;
		};
		AE49D98824163DC50047054C /* Debug */ = {
			isa = XCBuildConfiguration;
			baseConfigurationReference = 425FC6772FFE6407BBB8459C /* Pods-NewsApp.debug.xcconfig */;
			buildSettings = {
				ASSETCATALOG_COMPILER_APPICON_NAME = AppIcon;
				CODE_SIGN_STYLE = Automatic;
				DEVELOPMENT_TEAM = FATE3AU2ZJ;
				INFOPLIST_FILE = NewsApp/Info.plist;
				LD_RUNPATH_SEARCH_PATHS = (
					"$(inherited)",
					"@executable_path/Frameworks",
				);
				PRODUCT_BUNDLE_IDENTIFIER = APS.NewsApp;
				PRODUCT_NAME = "$(TARGET_NAME)";
				SWIFT_VERSION = 5.0;
				TARGETED_DEVICE_FAMILY = "1,2";
			};
			name = Debug;
		};
		AE49D98924163DC50047054C /* Release */ = {
			isa = XCBuildConfiguration;
			baseConfigurationReference = 3D71416DCF0122AFE0D8F086 /* Pods-NewsApp.release.xcconfig */;
			buildSettings = {
				ASSETCATALOG_COMPILER_APPICON_NAME = AppIcon;
				CODE_SIGN_STYLE = Automatic;
				DEVELOPMENT_TEAM = FATE3AU2ZJ;
				INFOPLIST_FILE = NewsApp/Info.plist;
				LD_RUNPATH_SEARCH_PATHS = (
					"$(inherited)",
					"@executable_path/Frameworks",
				);
				PRODUCT_BUNDLE_IDENTIFIER = APS.NewsApp;
				PRODUCT_NAME = "$(TARGET_NAME)";
				SWIFT_VERSION = 5.0;
				TARGETED_DEVICE_FAMILY = "1,2";
			};
			name = Release;
		};
/* End XCBuildConfiguration section */

/* Begin XCConfigurationList section */
		AE49D96E24163DC40047054C /* Build configuration list for PBXProject "NewsApp" */ = {
			isa = XCConfigurationList;
			buildConfigurations = (
				AE49D98524163DC50047054C /* Debug */,
				AE49D98624163DC50047054C /* Release */,
			);
			defaultConfigurationIsVisible = 0;
			defaultConfigurationName = Release;
		};
		AE49D98724163DC50047054C /* Build configuration list for PBXNativeTarget "NewsApp" */ = {
			isa = XCConfigurationList;
			buildConfigurations = (
				AE49D98824163DC50047054C /* Debug */,
				AE49D98924163DC50047054C /* Release */,
			);
			defaultConfigurationIsVisible = 0;
			defaultConfigurationName = Release;
		};
/* End XCConfigurationList section */
	};
	rootObject = AE49D96B24163DC40047054C /* Project object */;
}
